
Microsoft Visual Studio Solution File, Format Version 12.00
# Visual Studio Version 17
VisualStudioVersion = 17.4.33213.308
MinimumVisualStudioVersion = 10.0.40219.1
Project("{9A19103F-16F7-4668-BE54-9A1E7A4F7556}") = "PatientManagement", "PatientManagement\PatientManagement.csproj", "{217E9B0C-8AD3-42FF-A873-23F176A02FDC}"
EndProject
Global
	GlobalSection(SolutionConfigurationPlatforms) = preSolution
		Debug|Any CPU = Debug|Any CPU
		Release|Any CPU = Release|Any CPU
	EndGlobalSection
	GlobalSection(ProjectConfigurationPlatforms) = postSolution
		{217E9B0C-8AD3-42FF-A873-23F176A02FDC}.Debug|Any CPU.ActiveCfg = Debug|Any CPU
		{217E9B0C-8AD3-42FF-A873-23F176A02FDC}.Debug|Any CPU.Build.0 = Debug|Any CPU
		{217E9B0C-8AD3-42FF-A873-23F176A02FDC}.Release|Any CPU.ActiveCfg = Release|Any CPU
		{217E9B0C-8AD3-42FF-A873-23F176A02FDC}.Release|Any CPU.Build.0 = Release|Any CPU
	EndGlobalSection
	GlobalSection(SolutionProperties) = preSolution
		HideSolutionNode = FALSE
	EndGlobalSection
	GlobalSection(ExtensibilityGlobals) = postSolution
		SolutionGuid = {AC2BA016-4D02-4753-8566-AFAC55E49FE8}
	EndGlobalSection
EndGlobal
